
Microsoft Visual Studio Solution File, Format Version 12.00
# Visual Studio Version 16
VisualStudioVersion = 16.0.31410.357
MinimumVisualStudioVersion = 10.0.40219.1
Project("{FAE04EC0-301F-11D3-BF4B-00C04F79EFBC}") = "Unique Numbers", "Unique Numbers\Unique Numbers.csproj", "{797DF8F5-8B42-4324-8CAD-D9DE9EFF4CDE}"
EndProject
Global
	GlobalSection(SolutionConfigurationPlatforms) = preSolution
		Debug|Any CPU = Debug|Any CPU
		Release|Any CPU = Release|Any CPU
	EndGlobalSection
	GlobalSection(ProjectConfigurationPlatforms) = postSolution
		{797DF8F5-8B42-4324-8CAD-D9DE9EFF4CDE}.Debug|Any CPU.ActiveCfg = Debug|Any CPU
		{797DF8F5-8B42-4324-8CAD-D9DE9EFF4CDE}.Debug|Any CPU.Build.0 = Debug|Any CPU
		{797DF8F5-8B42-4324-8CAD-D9DE9EFF4CDE}.Release|Any CPU.ActiveCfg = Release|Any CPU
		{797DF8F5-8B42-4324-8CAD-D9DE9EFF4CDE}.Release|Any CPU.Build.0 = Release|Any CPU
	EndGlobalSection
	GlobalSection(SolutionProperties) = preSolution
		HideSolutionNode = FALSE
	EndGlobalSection
	GlobalSection(ExtensibilityGlobals) = postSolution
		SolutionGuid = {98265B12-27EB-416E-896B-B4BEC7D7FF53}
	EndGlobalSection
EndGlobal
